
Microsoft Visual Studio Solution File, Format Version 12.00
# Visual Studio 2012
Project("{FAE04EC0-301F-11D3-BF4B-00C04F79EFBC}") = "OdeFood", "OdeFood\OdeFood.csproj", "{96FECE7F-52EA-402B-A5A4-8258E0E60A97}"
EndProject
Global
	GlobalSection(SolutionConfigurationPlatforms) = preSolution
		Debug|Any CPU = Debug|Any CPU
		Release|Any CPU = Release|Any CPU
	EndGlobalSection
	GlobalSection(ProjectConfigurationPlatforms) = postSolution
		{96FECE7F-52EA-402B-A5A4-8258E0E60A97}.Debug|Any CPU.ActiveCfg = Debug|Any CPU
		{96FECE7F-52EA-402B-A5A4-8258E0E60A97}.Debug|Any CPU.Build.0 = Debug|Any CPU
		{96FECE7F-52EA-402B-A5A4-8258E0E60A97}.Release|Any CPU.ActiveCfg = Release|Any CPU
		{96FECE7F-52EA-402B-A5A4-8258E0E60A97}.Release|Any CPU.Build.0 = Release|Any CPU
	EndGlobalSection
EndGlobal
